
Microsoft Visual Studio Solution File, Format Version 12.00
# Visual Studio Version 16
VisualStudioVersion = 16.0.30204.135
MinimumVisualStudioVersion = 10.0.40219.1
Project("{9A19103F-16F7-4668-BE54-9A1E7A4F7556}") = "API", "skinet\API.csproj", "{65BA2643-4730-4BAF-9472-951D064655BE}"
EndProject
Project("{FAE04EC0-301F-11D3-BF4B-00C04F79EFBC}") = "Core", "Core\Core.csproj", "{6410FA17-1EE4-4F17-A00E-86F9B17DCB42}"
EndProject
Project("{FAE04EC0-301F-11D3-BF4B-00C04F79EFBC}") = "Infrastructure", "Infrastructure\Infrastructure.csproj", "{974C05F8-032C-45C2-9038-EF277E50F1CA}"
EndProject
Global
	GlobalSection(SolutionConfigurationPlatforms) = preSolution
		Debug|Any CPU = Debug|Any CPU
		Release|Any CPU = Release|Any CPU
	EndGlobalSection
	GlobalSection(ProjectConfigurationPlatforms) = postSolution
		{65BA2643-4730-4BAF-9472-951D064655BE}.Debug|Any CPU.ActiveCfg = Debug|Any CPU
		{65BA2643-4730-4BAF-9472-951D064655BE}.Debug|Any CPU.Build.0 = Debug|Any CPU
		{65BA2643-4730-4BAF-9472-951D064655BE}.Release|Any CPU.ActiveCfg = Release|Any CPU
		{65BA2643-4730-4BAF-9472-951D064655BE}.Release|Any CPU.Build.0 = Release|Any CPU
		{6410FA17-1EE4-4F17-A00E-86F9B17DCB42}.Debug|Any CPU.ActiveCfg = Debug|Any CPU
		{6410FA17-1EE4-4F17-A00E-86F9B17DCB42}.Debug|Any CPU.Build.0 = Debug|Any CPU
		{6410FA17-1EE4-4F17-A00E-86F9B17DCB42}.Release|Any CPU.ActiveCfg = Release|Any CPU
		{6410FA17-1EE4-4F17-A00E-86F9B17DCB42}.Release|Any CPU.Build.0 = Release|Any CPU
		{974C05F8-032C-45C2-9038-EF277E50F1CA}.Debug|Any CPU.ActiveCfg = Debug|Any CPU
		{974C05F8-032C-45C2-9038-EF277E50F1CA}.Debug|Any CPU.Build.0 = Debug|Any CPU
		{974C05F8-032C-45C2-9038-EF277E50F1CA}.Release|Any CPU.ActiveCfg = Release|Any CPU
		{974C05F8-032C-45C2-9038-EF277E50F1CA}.Release|Any CPU.Build.0 = Release|Any CPU
	EndGlobalSection
	GlobalSection(SolutionProperties) = preSolution
		HideSolutionNode = FALSE
	EndGlobalSection
	GlobalSection(ExtensibilityGlobals) = postSolution
		SolutionGuid = {F7567ADD-5F67-4FA8-AD2E-F7BAD5C7F144}
	EndGlobalSection
EndGlobal
